
Microsoft Visual Studio Solution File, Format Version 12.00
# Visual Studio Version 17
VisualStudioVersion = 17.4.33213.308
MinimumVisualStudioVersion = 10.0.40219.1
Project("{FAE04EC0-301F-11D3-BF4B-00C04F79EFBC}") = "TaskCancellationExample", "TaskCancellationExample.csproj", "{1577E7E6-FDA0-4B93-BE7A-60A6EB0AACD9}"
EndProject
Global
	GlobalSection(SolutionConfigurationPlatforms) = preSolution
		Debug|Any CPU = Debug|Any CPU
		Release|Any CPU = Release|Any CPU
	EndGlobalSection
	GlobalSection(ProjectConfigurationPlatforms) = postSolution
		{1577E7E6-FDA0-4B93-BE7A-60A6EB0AACD9}.Debug|Any CPU.ActiveCfg = Debug|Any CPU
		{1577E7E6-FDA0-4B93-BE7A-60A6EB0AACD9}.Debug|Any CPU.Build.0 = Debug|Any CPU
		{1577E7E6-FDA0-4B93-BE7A-60A6EB0AACD9}.Release|Any CPU.ActiveCfg = Release|Any CPU
		{1577E7E6-FDA0-4B93-BE7A-60A6EB0AACD9}.Release|Any CPU.Build.0 = Release|Any CPU
	EndGlobalSection
	GlobalSection(SolutionProperties) = preSolution
		HideSolutionNode = FALSE
	EndGlobalSection
	GlobalSection(ExtensibilityGlobals) = postSolution
		SolutionGuid = {B2D2D1E0-A8E6-491B-9DB7-88C4E6D49CAD}
	EndGlobalSection
EndGlobal
